
Microsoft Visual Studio Solution File, Format Version 12.00
# Visual Studio Version 17
VisualStudioVersion = 17.0.31903.59
MinimumVisualStudioVersion = 10.0.40219.1
Project("{2150E333-8FDC-42A3-9474-1A3956D46DE8}") = "src", "src", "{827E0CD3-B72D-47B6-A68D-7590B98EB39B}"
EndProject
Project("{FAE04EC0-301F-11D3-BF4B-00C04F79EFBC}") = "GzsBilling.Domain", "src\GzsBilling.Domain\GzsBilling.Domain.csproj", "{C5F51545-B3B8-46E2-94EA-9E47FCF9B6C1}"
EndProject
Project("{FAE04EC0-301F-11D3-BF4B-00C04F79EFBC}") = "GzsBilling.Infrastructure", "src\GzsBilling.Infrastructure\GzsBilling.Infrastructure.csproj", "{56F14A22-4140-40D5-8E5F-629BFC493ADD}"
EndProject
Project("{FAE04EC0-301F-11D3-BF4B-00C04F79EFBC}") = "GzsBilling.Application", "src\GzsBilling.Application\GzsBilling.Application.csproj", "{ADAE4319-18BD-4320-AA01-E46C958F949D}"
EndProject
Project("{FAE04EC0-301F-11D3-BF4B-00C04F79EFBC}") = "GzsBilling.Api", "src\GzsBilling.Api\GzsBilling.Api.csproj", "{92B72DD8-6A85-4029-A332-599CDF0B85A9}"
EndProject
Global
	GlobalSection(SolutionConfigurationPlatforms) = preSolution
		Debug|Any CPU = Debug|Any CPU
		Debug|x64 = Debug|x64
		Debug|x86 = Debug|x86
		Release|Any CPU = Release|Any CPU
		Release|x64 = Release|x64
		Release|x86 = Release|x86
	EndGlobalSection
	GlobalSection(ProjectConfigurationPlatforms) = postSolution
		{C5F51545-B3B8-46E2-94EA-9E47FCF9B6C1}.Debug|Any CPU.ActiveCfg = Debug|Any CPU
		{C5F51545-B3B8-46E2-94EA-9E47FCF9B6C1}.Debug|Any CPU.Build.0 = Debug|Any CPU
		{C5F51545-B3B8-46E2-94EA-9E47FCF9B6C1}.Debug|x64.ActiveCfg = Debug|Any CPU
		{C5F51545-B3B8-46E2-94EA-9E47FCF9B6C1}.Debug|x64.Build.0 = Debug|Any CPU
		{C5F51545-B3B8-46E2-94EA-9E47FCF9B6C1}.Debug|x86.ActiveCfg = Debug|Any CPU
		{C5F51545-B3B8-46E2-94EA-9E47FCF9B6C1}.Debug|x86.Build.0 = Debug|Any CPU
		{C5F51545-B3B8-46E2-94EA-9E47FCF9B6C1}.Release|Any CPU.ActiveCfg = Release|Any CPU
		{C5F51545-B3B8-46E2-94EA-9E47FCF9B6C1}.Release|Any CPU.Build.0 = Release|Any CPU
		{C5F51545-B3B8-46E2-94EA-9E47FCF9B6C1}.Release|x64.ActiveCfg = Release|Any CPU
		{C5F51545-B3B8-46E2-94EA-9E47FCF9B6C1}.Release|x64.Build.0 = Release|Any CPU
		{C5F51545-B3B8-46E2-94EA-9E47FCF9B6C1}.Release|x86.ActiveCfg = Release|Any CPU
		{C5F51545-B3B8-46E2-94EA-9E47FCF9B6C1}.Release|x86.Build.0 = Release|Any CPU
		{56F14A22-4140-40D5-8E5F-629BFC493ADD}.Debug|Any CPU.ActiveCfg = Debug|Any CPU
		{56F14A22-4140-40D5-8E5F-629BFC493ADD}.Debug|Any CPU.Build.0 = Debug|Any CPU
		{56F14A22-4140-40D5-8E5F-629BFC493ADD}.Debug|x64.ActiveCfg = Debug|Any CPU
		{56F14A22-4140-40D5-8E5F-629BFC493ADD}.Debug|x64.Build.0 = Debug|Any CPU
		{56F14A22-4140-40D5-8E5F-629BFC493ADD}.Debug|x86.ActiveCfg = Debug|Any CPU
		{56F14A22-4140-40D5-8E5F-629BFC493ADD}.Debug|x86.Build.0 = Debug|Any CPU
		{56F14A22-4140-40D5-8E5F-629BFC493ADD}.Release|Any CPU.ActiveCfg = Release|Any CPU
		{56F14A22-4140-40D5-8E5F-629BFC493ADD}.Release|Any CPU.Build.0 = Release|Any CPU
		{56F14A22-4140-40D5-8E5F-629BFC493ADD}.Release|x64.ActiveCfg = Release|Any CPU
		{56F14A22-4140-40D5-8E5F-629BFC493ADD}.Release|x64.Build.0 = Release|Any CPU
		{56F14A22-4140-40D5-8E5F-629BFC493ADD}.Release|x86.ActiveCfg = Release|Any CPU
		{56F14A22-4140-40D5-8E5F-629BFC493ADD}.Release|x86.Build.0 = Release|Any CPU
		{ADAE4319-18BD-4320-AA01-E46C958F949D}.Debug|Any CPU.ActiveCfg = Debug|Any CPU
		{ADAE4319-18BD-4320-AA01-E46C958F949D}.Debug|Any CPU.Build.0 = Debug|Any CPU
		{ADAE4319-18BD-4320-AA01-E46C958F949D}.Debug|x64.ActiveCfg = Debug|Any CPU
		{ADAE4319-18BD-4320-AA01-E46C958F949D}.Debug|x64.Build.0 = Debug|Any CPU
		{ADAE4319-18BD-4320-AA01-E46C958F949D}.Debug|x86.ActiveCfg = Debug|Any CPU
		{ADAE4319-18BD-4320-AA01-E46C958F949D}.Debug|x86.Build.0 = Debug|Any CPU
		{ADAE4319-18BD-4320-AA01-E46C958F949D}.Release|Any CPU.ActiveCfg = Release|Any CPU
		{ADAE4319-18BD-4320-AA01-E46C958F949D}.Release|Any CPU.Build.0 = Release|Any CPU
		{ADAE4319-18BD-4320-AA01-E46C958F949D}.Release|x64.ActiveCfg = Release|Any CPU
		{ADAE4319-18BD-4320-AA01-E46C958F949D}.Release|x64.Build.0 = Release|Any CPU
		{ADAE4319-18BD-4320-AA01-E46C958F949D}.Release|x86.ActiveCfg = Release|Any CPU
		{ADAE4319-18BD-4320-AA01-E46C958F949D}.Release|x86.Build.0 = Release|Any CPU
		{92B72DD8-6A85-4029-A332-599CDF0B85A9}.Debug|Any CPU.ActiveCfg = Debug|Any CPU
		{92B72DD8-6A85-4029-A332-599CDF0B85A9}.Debug|Any CPU.Build.0 = Debug|Any CPU
		{92B72DD8-6A85-4029-A332-599CDF0B85A9}.Debug|x64.ActiveCfg = Debug|Any CPU
		{92B72DD8-6A85-4029-A332-599CDF0B85A9}.Debug|x64.Build.0 = Debug|Any CPU
		{92B72DD8-6A85-4029-A332-599CDF0B85A9}.Debug|x86.ActiveCfg = Debug|Any CPU
		{92B72DD8-6A85-4029-A332-599CDF0B85A9}.Debug|x86.Build.0 = Debug|Any CPU
		{92B72DD8-6A85-4029-A332-599CDF0B85A9}.Release|Any CPU.ActiveCfg = Release|Any CPU
		{92B72DD8-6A85-4029-A332-599CDF0B85A9}.Release|Any CPU.Build.0 = Release|Any CPU
		{92B72DD8-6A85-4029-A332-599CDF0B85A9}.Release|x64.ActiveCfg = Release|Any CPU
		{92B72DD8-6A85-4029-A332-599CDF0B85A9}.Release|x64.Build.0 = Release|Any CPU
		{92B72DD8-6A85-4029-A332-599CDF0B85A9}.Release|x86.ActiveCfg = Release|Any CPU
		{92B72DD8-6A85-4029-A332-599CDF0B85A9}.Release|x86.Build.0 = Release|Any CPU
	EndGlobalSection
	GlobalSection(SolutionProperties) = preSolution
		HideSolutionNode = FALSE
	EndGlobalSection
	GlobalSection(NestedProjects) = preSolution
		{C5F51545-B3B8-46E2-94EA-9E47FCF9B6C1} = {827E0CD3-B72D-47B6-A68D-7590B98EB39B}
		{56F14A22-4140-40D5-8E5F-629BFC493ADD} = {827E0CD3-B72D-47B6-A68D-7590B98EB39B}
		{ADAE4319-18BD-4320-AA01-E46C958F949D} = {827E0CD3-B72D-47B6-A68D-7590B98EB39B}
		{92B72DD8-6A85-4029-A332-599CDF0B85A9} = {827E0CD3-B72D-47B6-A68D-7590B98EB39B}
	EndGlobalSection
EndGlobal
